// !$*UTF8*$!
{
	archiveVersion = 1;
	classes = {
	};
	objectVersion = 56;
	objects = {

/* Begin PBXBuildFile section */
		0F5281972850736900A26C20 /* LockWidgetSampleApp.swift in Sources */ = {isa = PBXBuildFile; fileRef = 0F5281962850736900A26C20 /* LockWidgetSampleApp.swift */; };
		0F5281992850736900A26C20 /* ContentView.swift in Sources */ = {isa = PBXBuildFile; fileRef = 0F5281982850736900A26C20 /* ContentView.swift */; };
		0F52819B2850736A00A26C20 /* Assets.xcassets in Resources */ = {isa = PBXBuildFile; fileRef = 0F52819A2850736A00A26C20 /* Assets.xcassets */; };
		0F52819E2850736A00A26C20 /* Preview Assets.xcassets in Resources */ = {isa = PBXBuildFile; fileRef = 0F52819D2850736A00A26C20 /* Preview Assets.xcassets */; };
		0F5281A82850736A00A26C20 /* LockWidgetSampleTests.swift in Sources */ = {isa = PBXBuildFile; fileRef = 0F5281A72850736A00A26C20 /* LockWidgetSampleTests.swift */; };
		0F5281B22850736A00A26C20 /* LockWidgetSampleUITests.swift in Sources */ = {isa = PBXBuildFile; fileRef = 0F5281B12850736A00A26C20 /* LockWidgetSampleUITests.swift */; };
		0F5281B42850736A00A26C20 /* LockWidgetSampleUITestsLaunchTests.swift in Sources */ = {isa = PBXBuildFile; fileRef = 0F5281B32850736A00A26C20 /* LockWidgetSampleUITestsLaunchTests.swift */; };
		0F5281C72850766900A26C20 /* WidgetKit.framework in Frameworks */ = {isa = PBXBuildFile; fileRef = 0F5281C62850766900A26C20 /* WidgetKit.framework */; };
		0F5281C92850766900A26C20 /* SwiftUI.framework in Frameworks */ = {isa = PBXBuildFile; fileRef = 0F5281C82850766900A26C20 /* SwiftUI.framework */; };
		0F5281CC2850766900A26C20 /* LockWidgetSampleWidget.swift in Sources */ = {isa = PBXBuildFile; fileRef = 0F5281CB2850766900A26C20 /* LockWidgetSampleWidget.swift */; };
		0F5281CF2850766A00A26C20 /* Assets.xcassets in Resources */ = {isa = PBXBuildFile; fileRef = 0F5281CE2850766A00A26C20 /* Assets.xcassets */; };
		0F5281D12850766A00A26C20 /* LockWidgetSampleWidget.intentdefinition in Sources */ = {isa = PBXBuildFile; fileRef = 0F5281CD2850766900A26C20 /* LockWidgetSampleWidget.intentdefinition */; };
		0F5281D22850766A00A26C20 /* LockWidgetSampleWidget.intentdefinition in Sources */ = {isa = PBXBuildFile; fileRef = 0F5281CD2850766900A26C20 /* LockWidgetSampleWidget.intentdefinition */; };
		0F5281D52850766A00A26C20 /* LockWidgetSampleWidgetExtension.appex in Embed Foundation Extensions */ = {isa = PBXBuildFile; fileRef = 0F5281C42850766900A26C20 /* LockWidgetSampleWidgetExtension.appex */; settings = {ATTRIBUTES = (RemoveHeadersOnCopy, ); }; };
/* End PBXBuildFile section */

/* Begin PBXContainerItemProxy section */
		0F5281A42850736A00A26C20 /* PBXContainerItemProxy */ = {
			isa = PBXContainerItemProxy;
			containerPortal = 0F52818B2850736900A26C20 /* Project object */;
			proxyType = 1;
			remoteGlobalIDString = 0F5281922850736900A26C20;
			remoteInfo = LockWidgetSample;
		};
		0F5281AE2850736A00A26C20 /* PBXContainerItemProxy */ = {
			isa = PBXContainerItemProxy;
			containerPortal = 0F52818B2850736900A26C20 /* Project object */;
			proxyType = 1;
			remoteGlobalIDString = 0F5281922850736900A26C20;
			remoteInfo = LockWidgetSample;
		};
		0F5281D32850766A00A26C20 /* PBXContainerItemProxy */ = {
			isa = PBXContainerItemProxy;
			containerPortal = 0F52818B2850736900A26C20 /* Project object */;
			proxyType = 1;
			remoteGlobalIDString = 0F5281C32850766900A26C20;
			remoteInfo = LockWidgetSampleWidgetExtension;
		};
/* End PBXContainerItemProxy section */

/* Begin PBXCopyFilesBuildPhase section */
		0F5281D92850766A00A26C20 /* Embed Foundation Extensions */ = {
			isa = PBXCopyFilesBuildPhase;
			buildActionMask = 2147483647;
			dstPath = "";
			dstSubfolderSpec = 13;
			files = (
				0F5281D52850766A00A26C20 /* LockWidgetSampleWidgetExtension.appex in Embed Foundation Extensions */,
			);
			name = "Embed Foundation Extensions";
			runOnlyForDeploymentPostprocessing = 0;
		};
/* End PBXCopyFilesBuildPhase section */

/* Begin PBXFileReference section */
		0F5281932850736900A26C20 /* LockWidgetSample.app */ = {isa = PBXFileReference; explicitFileType = wrapper.application; includeInIndex = 0; path = LockWidgetSample.app; sourceTree = BUILT_PRODUCTS_DIR; };
		0F5281962850736900A26C20 /* LockWidgetSampleApp.swift */ = {isa = PBXFileReference; lastKnownFileType = sourcecode.swift; path = LockWidgetSampleApp.swift; sourceTree = "<group>"; };
		0F5281982850736900A26C20 /* ContentView.swift */ = {isa = PBXFileReference; lastKnownFileType = sourcecode.swift; path = ContentView.swift; sourceTree = "<group>"; };
		0F52819A2850736A00A26C20 /* Assets.xcassets */ = {isa = PBXFileReference; lastKnownFileType = folder.assetcatalog; path = Assets.xcassets; sourceTree = "<group>"; };
		0F52819D2850736A00A26C20 /* Preview Assets.xcassets */ = {isa = PBXFileReference; lastKnownFileType = folder.assetcatalog; path = "Preview Assets.xcassets"; sourceTree = "<group>"; };
		0F5281A32850736A00A26C20 /* LockWidgetSampleTests.xctest */ = {isa = PBXFileReference; explicitFileType = wrapper.cfbundle; includeInIndex = 0; path = LockWidgetSampleTests.xctest; sourceTree = BUILT_PRODUCTS_DIR; };
		0F5281A72850736A00A26C20 /* LockWidgetSampleTests.swift */ = {isa = PBXFileReference; lastKnownFileType = sourcecode.swift; path = LockWidgetSampleTests.swift; sourceTree = "<group>"; };
		0F5281AD2850736A00A26C20 /* LockWidgetSampleUITests.xctest */ = {isa = PBXFileReference; explicitFileType = wrapper.cfbundle; includeInIndex = 0; path = LockWidgetSampleUITests.xctest; sourceTree = BUILT_PRODUCTS_DIR; };
		0F5281B12850736A00A26C20 /* LockWidgetSampleUITests.swift */ = {isa = PBXFileReference; lastKnownFileType = sourcecode.swift; path = LockWidgetSampleUITests.swift; sourceTree = "<group>"; };
		0F5281B32850736A00A26C20 /* LockWidgetSampleUITestsLaunchTests.swift */ = {isa = PBXFileReference; lastKnownFileType = sourcecode.swift; path = LockWidgetSampleUITestsLaunchTests.swift; sourceTree = "<group>"; };
		0F5281C42850766900A26C20 /* LockWidgetSampleWidgetExtension.appex */ = {isa = PBXFileReference; explicitFileType = "wrapper.app-extension"; includeInIndex = 0; path = LockWidgetSampleWidgetExtension.appex; sourceTree = BUILT_PRODUCTS_DIR; };
		0F5281C62850766900A26C20 /* WidgetKit.framework */ = {isa = PBXFileReference; lastKnownFileType = wrapper.framework; name = WidgetKit.framework; path = System/Library/Frameworks/WidgetKit.framework; sourceTree = SDKROOT; };
		0F5281C82850766900A26C20 /* SwiftUI.framework */ = {isa = PBXFileReference; lastKnownFileType = wrapper.framework; name = SwiftUI.framework; path = System/Library/Frameworks/SwiftUI.framework; sourceTree = SDKROOT; };
		0F5281CB2850766900A26C20 /* LockWidgetSampleWidget.swift */ = {isa = PBXFileReference; lastKnownFileType = sourcecode.swift; path = LockWidgetSampleWidget.swift; sourceTree = "<group>"; };
		0F5281CD2850766900A26C20 /* LockWidgetSampleWidget.intentdefinition */ = {isa = PBXFileReference; lastKnownFileType = file.intentdefinition; path = LockWidgetSampleWidget.intentdefinition; sourceTree = "<group>"; };
		0F5281CE2850766A00A26C20 /* Assets.xcassets */ = {isa = PBXFileReference; lastKnownFileType = folder.assetcatalog; path = Assets.xcassets; sourceTree = "<group>"; };
		0F5281D02850766A00A26C20 /* Info.plist */ = {isa = PBXFileReference; lastKnownFileType = text.plist.xml; path = Info.plist; sourceTree = "<group>"; };
/* End PBXFileReference section */

/* Begin PBXFrameworksBuildPhase section */
		0F5281902850736900A26C20 /* Frameworks */ = {
			isa = PBXFrameworksBuildPhase;
			buildActionMask = 2147483647;
			files = (
			);
			runOnlyForDeploymentPostprocessing = 0;
		};
		0F5281A02850736A00A26C20 /* Frameworks */ = {
			isa = PBXFrameworksBuildPhase;
			buildActionMask = 2147483647;
			files = (
			);
			runOnlyForDeploymentPostprocessing = 0;
		};
		0F5281AA2850736A00A26C20 /* Frameworks */ = {
			isa = PBXFrameworksBuildPhase;
			buildActionMask = 2147483647;
			files = (
			);
			runOnlyForDeploymentPostprocessing = 0;
		};
		0F5281C12850766900A26C20 /* Frameworks */ = {
			isa = PBXFrameworksBuildPhase;
			buildActionMask = 2147483647;
			files = (
				0F5281C92850766900A26C20 /* SwiftUI.framework in Frameworks */,
				0F5281C72850766900A26C20 /* WidgetKit.framework in Frameworks */,
			);
			runOnlyForDeploymentPostprocessing = 0;
		};
/* End PBXFrameworksBuildPhase section */

/* Begin PBXGroup section */
		0F52818A2850736900A26C20 = {
			isa = PBXGroup;
			children = (
				0F5281952850736900A26C20 /* LockWidgetSample */,
				0F5281A62850736A00A26C20 /* LockWidgetSampleTests */,
				0F5281B02850736A00A26C20 /* LockWidgetSampleUITests */,
				0F5281CA2850766900A26C20 /* LockWidgetSampleWidget */,
				0F5281C52850766900A26C20 /* Frameworks */,
				0F5281942850736900A26C20 /* Products */,
			);
			sourceTree = "<group>";
		};
		0F5281942850736900A26C20 /* Products */ = {
			isa = PBXGroup;
			children = (
				0F5281932850736900A26C20 /* LockWidgetSample.app */,
				0F5281A32850736A00A26C20 /* LockWidgetSampleTests.xctest */,
				0F5281AD2850736A00A26C20 /* LockWidgetSampleUITests.xctest */,
				0F5281C42850766900A26C20 /* LockWidgetSampleWidgetExtension.appex */,
			);
			name = Products;
			sourceTree = "<group>";
		};
		0F5281952850736900A26C20 /* LockWidgetSample */ = {
			isa = PBXGroup;
			children = (
				0F5281962850736900A26C20 /* LockWidgetSampleApp.swift */,
				0F5281982850736900A26C20 /* ContentView.swift */,
				0F52819A2850736A00A26C20 /* Assets.xcassets */,
				0F52819C2850736A00A26C20 /* Preview Content */,
			);
			path = LockWidgetSample;
			sourceTree = "<group>";
		};
		0F52819C2850736A00A26C20 /* Preview Content */ = {
			isa = PBXGroup;
			children = (
				0F52819D2850736A00A26C20 /* Preview Assets.xcassets */,
			);
			path = "Preview Content";
			sourceTree = "<group>";
		};
		0F5281A62850736A00A26C20 /* LockWidgetSampleTests */ = {
			isa = PBXGroup;
			children = (
				0F5281A72850736A00A26C20 /* LockWidgetSampleTests.swift */,
			);
			path = LockWidgetSampleTests;
			sourceTree = "<group>";
		};
		0F5281B02850736A00A26C20 /* LockWidgetSampleUITests */ = {
			isa = PBXGroup;
			children = (
				0F5281B12850736A00A26C20 /* LockWidgetSampleUITests.swift */,
				0F5281B32850736A00A26C20 /* LockWidgetSampleUITestsLaunchTests.swift */,
			);
			path = LockWidgetSampleUITests;
			sourceTree = "<group>";
		};
		0F5281C52850766900A26C20 /* Frameworks */ = {
			isa = PBXGroup;
			children = (
				0F5281C62850766900A26C20 /* WidgetKit.framework */,
				0F5281C82850766900A26C20 /* SwiftUI.framework */,
			);
			name = Frameworks;
			sourceTree = "<group>";
		};
		0F5281CA2850766900A26C20 /* LockWidgetSampleWidget */ = {
			isa = PBXGroup;
			children = (
				0F5281CB2850766900A26C20 /* LockWidgetSampleWidget.swift */,
				0F5281CD2850766900A26C20 /* LockWidgetSampleWidget.intentdefinition */,
				0F5281CE2850766A00A26C20 /* Assets.xcassets */,
				0F5281D02850766A00A26C20 /* Info.plist */,
			);
			path = LockWidgetSampleWidget;
			sourceTree = "<group>";
		};
/* End PBXGroup section */

/* Begin PBXNativeTarget section */
		0F5281922850736900A26C20 /* LockWidgetSample */ = {
			isa = PBXNativeTarget;
			buildConfigurationList = 0F5281B72850736A00A26C20 /* Build configuration list for PBXNativeTarget "LockWidgetSample" */;
			buildPhases = (
				0F52818F2850736900A26C20 /* Sources */,
				0F5281902850736900A26C20 /* Frameworks */,
				0F5281912850736900A26C20 /* Resources */,
				0F5281D92850766A00A26C20 /* Embed Foundation Extensions */,
			);
			buildRules = (
			);
			dependencies = (
				0F5281D42850766A00A26C20 /* PBXTargetDependency */,
			);
			name = LockWidgetSample;
			productName = LockWidgetSample;
			productReference = 0F5281932850736900A26C20 /* LockWidgetSample.app */;
			productType = "com.apple.product-type.application";
		};
		0F5281A22850736A00A26C20 /* LockWidgetSampleTests */ = {
			isa = PBXNativeTarget;
			buildConfigurationList = 0F5281BA2850736A00A26C20 /* Build configuration list for PBXNativeTarget "LockWidgetSampleTests" */;
			buildPhases = (
				0F52819F2850736A00A26C20 /* Sources */,
				0F5281A02850736A00A26C20 /* Frameworks */,
				0F5281A12850736A00A26C20 /* Resources */,
			);
			buildRules = (
			);
			dependencies = (
				0F5281A52850736A00A26C20 /* PBXTargetDependency */,
			);
			name = LockWidgetSampleTests;
			productName = LockWidgetSampleTests;
			productReference = 0F5281A32850736A00A26C20 /* LockWidgetSampleTests.xctest */;
			productType = "com.apple.product-type.bundle.unit-test";
		};
		0F5281AC2850736A00A26C20 /* LockWidgetSampleUITests */ = {
			isa = PBXNativeTarget;
			buildConfigurationList = 0F5281BD2850736A00A26C20 /* Build configuration list for PBXNativeTarget "LockWidgetSampleUITests" */;
			buildPhases = (
				0F5281A92850736A00A26C20 /* Sources */,
				0F5281AA2850736A00A26C20 /* Frameworks */,
				0F5281AB2850736A00A26C20 /* Resources */,
			);
			buildRules = (
			);
			dependencies = (
				0F5281AF2850736A00A26C20 /* PBXTargetDependency */,
			);
			name = LockWidgetSampleUITests;
			productName = LockWidgetSampleUITests;
			productReference = 0F5281AD2850736A00A26C20 /* LockWidgetSampleUITests.xctest */;
			productType = "com.apple.product-type.bundle.ui-testing";
		};
		0F5281C32850766900A26C20 /* LockWidgetSampleWidgetExtension */ = {
			isa = PBXNativeTarget;
			buildConfigurationList = 0F5281D62850766A00A26C20 /* Build configuration list for PBXNativeTarget "LockWidgetSampleWidgetExtension" */;
			buildPhases = (
				0F5281C02850766900A26C20 /* Sources */,
				0F5281C12850766900A26C20 /* Frameworks */,
				0F5281C22850766900A26C20 /* Resources */,
			);
			buildRules = (
			);
			dependencies = (
			);
			name = LockWidgetSampleWidgetExtension;
			productName = LockWidgetSampleWidgetExtension;
			productReference = 0F5281C42850766900A26C20 /* LockWidgetSampleWidgetExtension.appex */;
			productType = "com.apple.product-type.app-extension";
		};
/* End PBXNativeTarget section */

/* Begin PBXProject section */
		0F52818B2850736900A26C20 /* Project object */ = {
			isa = PBXProject;
			attributes = {
				BuildIndependentTargetsInParallel = 1;
				LastSwiftUpdateCheck = 1400;
				LastUpgradeCheck = 1400;
				TargetAttributes = {
					0F5281922850736900A26C20 = {
						CreatedOnToolsVersion = 14.0;
					};
					0F5281A22850736A00A26C20 = {
						CreatedOnToolsVersion = 14.0;
						TestTargetID = 0F5281922850736900A26C20;
					};
					0F5281AC2850736A00A26C20 = {
						CreatedOnToolsVersion = 14.0;
						TestTargetID = 0F5281922850736900A26C20;
					};
					0F5281C32850766900A26C20 = {
						CreatedOnToolsVersion = 14.0;
					};
				};
			};
			buildConfigurationList = 0F52818E2850736900A26C20 /* Build configuration list for PBXProject "LockWidgetSample" */;
			compatibilityVersion = "Xcode 14.0";
			developmentRegion = en;
			hasScannedForEncodings = 0;
			knownRegions = (
				en,
				Base,
			);
			mainGroup = 0F52818A2850736900A26C20;
			productRefGroup = 0F5281942850736900A26C20 /* Products */;
			projectDirPath = "";
			projectRoot = "";
			targets = (
				0F5281922850736900A26C20 /* LockWidgetSample */,
				0F5281A22850736A00A26C20 /* LockWidgetSampleTests */,
				0F5281AC2850736A00A26C20 /* LockWidgetSampleUITests */,
				0F5281C32850766900A26C20 /* LockWidgetSampleWidgetExtension */,
			);
		};
/* End PBXProject section */

/* Begin PBXResourcesBuildPhase section */
		0F5281912850736900A26C20 /* Resources */ = {
			isa = PBXResourcesBuildPhase;
			buildActionMask = 2147483647;
			files = (
				0F52819E2850736A00A26C20 /* Preview Assets.xcassets in Resources */,
				0F52819B2850736A00A26C20 /* Assets.xcassets in Resources */,
			);
			runOnlyForDeploymentPostprocessing = 0;
		};
		0F5281A12850736A00A26C20 /* Resources */ = {
			isa = PBXResourcesBuildPhase;
			buildActionMask = 2147483647;
			files = (
			);
			runOnlyForDeploymentPostprocessing = 0;
		};
		0F5281AB2850736A00A26C20 /* Resources */ = {
			isa = PBXResourcesBuildPhase;
			buildActionMask = 2147483647;
			files = (
			);
			runOnlyForDeploymentPostprocessing = 0;
		};
		0F5281C22850766900A26C20 /* Resources */ = {
			isa = PBXResourcesBuildPhase;
			buildActionMask = 2147483647;
			files = (
				0F5281CF2850766A00A26C20 /* Assets.xcassets in Resources */,
			);
			runOnlyForDeploymentPostprocessing = 0;
		};
/* End PBXResourcesBuildPhase section */

/* Begin PBXSourcesBuildPhase section */
		0F52818F2850736900A26C20 /* Sources */ = {
			isa = PBXSourcesBuildPhase;
			buildActionMask = 2147483647;
			files = (
				0F5281992850736900A26C20 /* ContentView.swift in Sources */,
				0F5281D22850766A00A26C20 /* LockWidgetSampleWidget.intentdefinition in Sources */,
				0F5281972850736900A26C20 /* LockWidgetSampleApp.swift in Sources */,
			);
			runOnlyForDeploymentPostprocessing = 0;
		};
		0F52819F2850736A00A26C20 /* Sources */ = {
			isa = PBXSourcesBuildPhase;
			buildActionMask = 2147483647;
			files = (
				0F5281A82850736A00A26C20 /* LockWidgetSampleTests.swift in Sources */,
			);
			runOnlyForDeploymentPostprocessing = 0;
		};
		0F5281A92850736A00A26C20 /* Sources */ = {
			isa = PBXSourcesBuildPhase;
			buildActionMask = 2147483647;
			files = (
				0F5281B22850736A00A26C20 /* LockWidgetSampleUITests.swift in Sources */,
				0F5281B42850736A00A26C20 /* LockWidgetSampleUITestsLaunchTests.swift in Sources */,
			);
			runOnlyForDeploymentPostprocessing = 0;
		};
		0F5281C02850766900A26C20 /* Sources */ = {
			isa = PBXSourcesBuildPhase;
			buildActionMask = 2147483647;
			files = (
				0F5281CC2850766900A26C20 /* LockWidgetSampleWidget.swift in Sources */,
				0F5281D12850766A00A26C20 /* LockWidgetSampleWidget.intentdefinition in Sources */,
			);
			runOnlyForDeploymentPostprocessing = 0;
		};
/* End PBXSourcesBuildPhase section */

/* Begin PBXTargetDependency section */
		0F5281A52850736A00A26C20 /* PBXTargetDependency */ = {
			isa = PBXTargetDependency;
			target = 0F5281922850736900A26C20 /* LockWidgetSample */;
			targetProxy = 0F5281A42850736A00A26C20 /* PBXContainerItemProxy */;
		};
		0F5281AF2850736A00A26C20 /* PBXTargetDependency */ = {
			isa = PBXTargetDependency;
			target = 0F5281922850736900A26C20 /* LockWidgetSample */;
			targetProxy = 0F5281AE2850736A00A26C20 /* PBXContainerItemProxy */;
		};
		0F5281D42850766A00A26C20 /* PBXTargetDependency */ = {
			isa = PBXTargetDependency;
			target = 0F5281C32850766900A26C20 /* LockWidgetSampleWidgetExtension */;
			targetProxy = 0F5281D32850766A00A26C20 /* PBXContainerItemProxy */;
		};
/* End PBXTargetDependency section */

/* Begin XCBuildConfiguration section */
		0F5281B52850736A00A26C20 /* Debug */ = {
			isa = XCBuildConfiguration;
			buildSettings = {
				ALWAYS_SEARCH_USER_PATHS = NO;
				CLANG_ANALYZER_NONNULL = YES;
				CLANG_ANALYZER_NUMBER_OBJECT_CONVERSION = YES_AGGRESSIVE;
				CLANG_CXX_LANGUAGE_STANDARD = "gnu++17";
				CLANG_ENABLE_MODULES = YES;
				CLANG_ENABLE_OBJC_ARC = YES;
				CLANG_ENABLE_OBJC_WEAK = YES;
				CLANG_WARN_BLOCK_CAPTURE_AUTORELEASING = YES;
				CLANG_WARN_BOOL_CONVERSION = YES;
				CLANG_WARN_COMMA = YES;
				CLANG_WARN_CONSTANT_CONVERSION = YES;
				CLANG_WARN_DEPRECATED_OBJC_IMPLEMENTATIONS = YES;
				CLANG_WARN_DIRECT_OBJC_ISA_USAGE = YES_ERROR;
				CLANG_WARN_DOCUMENTATION_COMMENTS = YES;
				CLANG_WARN_EMPTY_BODY = YES;
				CLANG_WARN_ENUM_CONVERSION = YES;
				CLANG_WARN_INFINITE_RECURSION = YES;
				CLANG_WARN_INT_CONVERSION = YES;
				CLANG_WARN_NON_LITERAL_NULL_CONVERSION = YES;
				CLANG_WARN_OBJC_IMPLICIT_RETAIN_SELF = YES;
				CLANG_WARN_OBJC_LITERAL_CONVERSION = YES;
				CLANG_WARN_OBJC_ROOT_CLASS = YES_ERROR;
				CLANG_WARN_QUOTED_INCLUDE_IN_FRAMEWORK_HEADER = YES;
				CLANG_WARN_RANGE_LOOP_ANALYSIS = YES;
				CLANG_WARN_STRICT_PROTOTYPES = YES;
				CLANG_WARN_SUSPICIOUS_MOVE = YES;
				CLANG_WARN_UNGUARDED_AVAILABILITY = YES_AGGRESSIVE;
				CLANG_WARN_UNREACHABLE_CODE = YES;
				CLANG_WARN__DUPLICATE_METHOD_MATCH = YES;
				COPY_PHASE_STRIP = NO;
				DEBUG_INFORMATION_FORMAT = dwarf;
				ENABLE_STRICT_OBJC_MSGSEND = YES;
				ENABLE_TESTABILITY = YES;
				GCC_C_LANGUAGE_STANDARD = gnu11;
				GCC_DYNAMIC_NO_PIC = NO;
				GCC_NO_COMMON_BLOCKS = YES;
				GCC_OPTIMIZATION_LEVEL = 0;
				GCC_PREPROCESSOR_DEFINITIONS = (
					"DEBUG=1",
					"$(inherited)",
				);
				GCC_WARN_64_TO_32_BIT_CONVERSION = YES;
				GCC_WARN_ABOUT_RETURN_TYPE = YES_ERROR;
				GCC_WARN_UNDECLARED_SELECTOR = YES;
				GCC_WARN_UNINITIALIZED_AUTOS = YES_AGGRESSIVE;
				GCC_WARN_UNUSED_FUNCTION = YES;
				GCC_WARN_UNUSED_VARIABLE = YES;
				IPHONEOS_DEPLOYMENT_TARGET = 16.0;
				MTL_ENABLE_DEBUG_INFO = INCLUDE_SOURCE;
				MTL_FAST_MATH = YES;
				ONLY_ACTIVE_ARCH = YES;
				SDKROOT = iphoneos;
				SWIFT_ACTIVE_COMPILATION_CONDITIONS = DEBUG;
				SWIFT_OPTIMIZATION_LEVEL = "-Onone";
			};
			name = Debug;
		};
		0F5281B62850736A00A26C20 /* Release */ = {
			isa = XCBuildConfiguration;
			buildSettings = {
				ALWAYS_SEARCH_USER_PATHS = NO;
				CLANG_ANALYZER_NONNULL = YES;
				CLANG_ANALYZER_NUMBER_OBJECT_CONVERSION = YES_AGGRESSIVE;
				CLANG_CXX_LANGUAGE_STANDARD = "gnu++17";
				CLANG_ENABLE_MODULES = YES;
				CLANG_ENABLE_OBJC_ARC = YES;
				CLANG_ENABLE_OBJC_WEAK = YES;
				CLANG_WARN_BLOCK_CAPTURE_AUTORELEASING = YES;
				CLANG_WARN_BOOL_CONVERSION = YES;
				CLANG_WARN_COMMA = YES;
				CLANG_WARN_CONSTANT_CONVERSION = YES;
				CLANG_WARN_DEPRECATED_OBJC_IMPLEMENTATIONS = YES;
				CLANG_WARN_DIRECT_OBJC_ISA_USAGE = YES_ERROR;
				CLANG_WARN_DOCUMENTATION_COMMENTS = YES;
				CLANG_WARN_EMPTY_BODY = YES;
				CLANG_WARN_ENUM_CONVERSION = YES;
				CLANG_WARN_INFINITE_RECURSION = YES;
				CLANG_WARN_INT_CONVERSION = YES;
				CLANG_WARN_NON_LITERAL_NULL_CONVERSION = YES;
				CLANG_WARN_OBJC_IMPLICIT_RETAIN_SELF = YES;
				CLANG_WARN_OBJC_LITERAL_CONVERSION = YES;
				CLANG_WARN_OBJC_ROOT_CLASS = YES_ERROR;
				CLANG_WARN_QUOTED_INCLUDE_IN_FRAMEWORK_HEADER = YES;
				CLANG_WARN_RANGE_LOOP_ANALYSIS = YES;
				CLANG_WARN_STRICT_PROTOTYPES = YES;
				CLANG_WARN_SUSPICIOUS_MOVE = YES;
				CLANG_WARN_UNGUARDED_AVAILABILITY = YES_AGGRESSIVE;
				CLANG_WARN_UNREACHABLE_CODE = YES;
				CLANG_WARN__DUPLICATE_METHOD_MATCH = YES;
				COPY_PHASE_STRIP = NO;
				DEBUG_INFORMATION_FORMAT = "dwarf-with-dsym";
				ENABLE_NS_ASSERTIONS = NO;
				ENABLE_STRICT_OBJC_MSGSEND = YES;
				GCC_C_LANGUAGE_STANDARD = gnu11;
				GCC_NO_COMMON_BLOCKS = YES;
				GCC_WARN_64_TO_32_BIT_CONVERSION = YES;
				GCC_WARN_ABOUT_RETURN_TYPE = YES_ERROR;
				GCC_WARN_UNDECLARED_SELECTOR = YES;
				GCC_WARN_UNINITIALIZED_AUTOS = YES_AGGRESSIVE;
				GCC_WARN_UNUSED_FUNCTION = YES;
				GCC_WARN_UNUSED_VARIABLE = YES;
				IPHONEOS_DEPLOYMENT_TARGET = 16.0;
				MTL_ENABLE_DEBUG_INFO = NO;
				MTL_FAST_MATH = YES;
				SDKROOT = iphoneos;
				SWIFT_COMPILATION_MODE = wholemodule;
				SWIFT_OPTIMIZATION_LEVEL = "-O";
				VALIDATE_PRODUCT = YES;
			};
			name = Release;
		};
		0F5281B82850736A00A26C20 /* Debug */ = {
			isa = XCBuildConfiguration;
			buildSettings = {
				ALWAYS_EMBED_SWIFT_STANDARD_LIBRARIES = YES;
				ASSETCATALOG_COMPILER_APPICON_NAME = AppIcon;
				ASSETCATALOG_COMPILER_GLOBAL_ACCENT_COLOR_NAME = AccentColor;
				CODE_SIGN_STYLE = Automatic;
				CURRENT_PROJECT_VERSION = 1;
				DEVELOPMENT_ASSET_PATHS = "\"LockWidgetSample/Preview Content\"";
				DEVELOPMENT_TEAM = UUF7376KJL;
				ENABLE_PREVIEWS = YES;
				GENERATE_INFOPLIST_FILE = YES;
				INFOPLIST_KEY_UIApplicationSceneManifest_Generation = YES;
				INFOPLIST_KEY_UIApplicationSupportsIndirectInputEvents = YES;
				INFOPLIST_KEY_UILaunchScreen_Generation = YES;
				INFOPLIST_KEY_UISupportedInterfaceOrientations_iPad = "UIInterfaceOrientationPortrait UIInterfaceOrientationPortraitUpsideDown UIInterfaceOrientationLandscapeLeft UIInterfaceOrientationLandscapeRight";
				INFOPLIST_KEY_UISupportedInterfaceOrientations_iPhone = "UIInterfaceOrientationPortrait UIInterfaceOrientationLandscapeLeft UIInterfaceOrientationLandscapeRight";
				LD_RUNPATH_SEARCH_PATHS = (
					"$(inherited)",
					"@executable_path/Frameworks",
				);
				MARKETING_VERSION = 1.0;
				PRODUCT_BUNDLE_IDENTIFIER = com.lcr.webappsample.LockWidgetSample;
				PRODUCT_NAME = "$(TARGET_NAME)";
				SWIFT_EMIT_LOC_STRINGS = YES;
				SWIFT_VERSION = 5.0;
				TARGETED_DEVICE_FAMILY = "1,2";
			};
			name = Debug;
		};
		0F5281B92850736A00A26C20 /* Release */ = {
			isa = XCBuildConfiguration;
			buildSettings = {
				ALWAYS_EMBED_SWIFT_STANDARD_LIBRARIES = YES;
				ASSETCATALOG_COMPILER_APPICON_NAME = AppIcon;
				ASSETCATALOG_COMPILER_GLOBAL_ACCENT_COLOR_NAME = AccentColor;
				CODE_SIGN_STYLE = Automatic;
				CURRENT_PROJECT_VERSION = 1;
				DEVELOPMENT_ASSET_PATHS = "\"LockWidgetSample/Preview Content\"";
				DEVELOPMENT_TEAM = UUF7376KJL;
				ENABLE_PREVIEWS = YES;
				GENERATE_INFOPLIST_FILE = YES;
				INFOPLIST_KEY_UIApplicationSceneManifest_Generation = YES;
				INFOPLIST_KEY_UIApplicationSupportsIndirectInputEvents = YES;
				INFOPLIST_KEY_UILaunchScreen_Generation = YES;
				INFOPLIST_KEY_UISupportedInterfaceOrientations_iPad = "UIInterfaceOrientationPortrait UIInterfaceOrientationPortraitUpsideDown UIInterfaceOrientationLandscapeLeft UIInterfaceOrientationLandscapeRight";
				INFOPLIST_KEY_UISupportedInterfaceOrientations_iPhone = "UIInterfaceOrientationPortrait UIInterfaceOrientationLandscapeLeft UIInterfaceOrientationLandscapeRight";
				LD_RUNPATH_SEARCH_PATHS = (
					"$(inherited)",
					"@executable_path/Frameworks",
				);
				MARKETING_VERSION = 1.0;
				PRODUCT_BUNDLE_IDENTIFIER = com.lcr.webappsample.LockWidgetSample;
				PRODUCT_NAME = "$(TARGET_NAME)";
				SWIFT_EMIT_LOC_STRINGS = YES;
				SWIFT_VERSION = 5.0;
				TARGETED_DEVICE_FAMILY = "1,2";
			};
			name = Release;
		};
		0F5281BB2850736A00A26C20 /* Debug */ = {
			isa = XCBuildConfiguration;
			buildSettings = {
				ALWAYS_EMBED_SWIFT_STANDARD_LIBRARIES = YES;
				BUNDLE_LOADER = "$(TEST_HOST)";
				CODE_SIGN_STYLE = Automatic;
				CURRENT_PROJECT_VERSION = 1;
				DEVELOPMENT_TEAM = UUF7376KJL;
				GENERATE_INFOPLIST_FILE = YES;
				IPHONEOS_DEPLOYMENT_TARGET = 16.0;
				MARKETING_VERSION = 1.0;
				PRODUCT_BUNDLE_IDENTIFIER = com.lcr.webappsample.LockWidgetSampleTests;
				PRODUCT_NAME = "$(TARGET_NAME)";
				SWIFT_EMIT_LOC_STRINGS = NO;
				SWIFT_VERSION = 5.0;
				TARGETED_DEVICE_FAMILY = "1,2";
				TEST_HOST = "$(BUILT_PRODUCTS_DIR)/LockWidgetSample.app/$(BUNDLE_EXECUTABLE_FOLDER_PATH)/LockWidgetSample";
			};
			name = Debug;
		};
		0F5281BC2850736A00A26C20 /* Release */ = {
			isa = XCBuildConfiguration;
			buildSettings = {
				ALWAYS_EMBED_SWIFT_STANDARD_LIBRARIES = YES;
				BUNDLE_LOADER = "$(TEST_HOST)";
				CODE_SIGN_STYLE = Automatic;
				CURRENT_PROJECT_VERSION = 1;
				DEVELOPMENT_TEAM = UUF7376KJL;
				GENERATE_INFOPLIST_FILE = YES;
				IPHONEOS_DEPLOYMENT_TARGET = 16.0;
				MARKETING_VERSION = 1.0;
				PRODUCT_BUNDLE_IDENTIFIER = com.lcr.webappsample.LockWidgetSampleTests;
				PRODUCT_NAME = "$(TARGET_NAME)";
				SWIFT_EMIT_LOC_STRINGS = NO;
				SWIFT_VERSION = 5.0;
				TARGETED_DEVICE_FAMILY = "1,2";
				TEST_HOST = "$(BUILT_PRODUCTS_DIR)/LockWidgetSample.app/$(BUNDLE_EXECUTABLE_FOLDER_PATH)/LockWidgetSample";
			};
			name = Release;
		};
		0F5281BE2850736A00A26C20 /* Debug */ = {
			isa = XCBuildConfiguration;
			buildSettings = {
				ALWAYS_EMBED_SWIFT_STANDARD_LIBRARIES = YES;
				CODE_SIGN_STYLE = Automatic;
				CURRENT_PROJECT_VERSION = 1;
				DEVELOPMENT_TEAM = UUF7376KJL;
				GENERATE_INFOPLIST_FILE = YES;
				MARKETING_VERSION = 1.0;
				PRODUCT_BUNDLE_IDENTIFIER = com.lcr.webappsample.LockWidgetSampleUITests;
				PRODUCT_NAME = "$(TARGET_NAME)";
				SWIFT_EMIT_LOC_STRINGS = NO;
				SWIFT_VERSION = 5.0;
				TARGETED_DEVICE_FAMILY = "1,2";
				TEST_TARGET_NAME = LockWidgetSample;
			};
			name = Debug;
		};
		0F5281BF2850736A00A26C20 /* Release */ = {
			isa = XCBuildConfiguration;
			buildSettings = {
				ALWAYS_EMBED_SWIFT_STANDARD_LIBRARIES = YES;
				CODE_SIGN_STYLE = Automatic;
				CURRENT_PROJECT_VERSION = 1;
				DEVELOPMENT_TEAM = UUF7376KJL;
				GENERATE_INFOPLIST_FILE = YES;
				MARKETING_VERSION = 1.0;
				PRODUCT_BUNDLE_IDENTIFIER = com.lcr.webappsample.LockWidgetSampleUITests;
				PRODUCT_NAME = "$(TARGET_NAME)";
				SWIFT_EMIT_LOC_STRINGS = NO;
				SWIFT_VERSION = 5.0;
				TARGETED_DEVICE_FAMILY = "1,2";
				TEST_TARGET_NAME = LockWidgetSample;
			};
			name = Release;
		};
		0F5281D72850766A00A26C20 /* Debug */ = {
			isa = XCBuildConfiguration;
			buildSettings = {
				ASSETCATALOG_COMPILER_GLOBAL_ACCENT_COLOR_NAME = AccentColor;
				ASSETCATALOG_COMPILER_WIDGET_BACKGROUND_COLOR_NAME = WidgetBackground;
				CODE_SIGN_STYLE = Automatic;
				CURRENT_PROJECT_VERSION = 1;
				DEVELOPMENT_TEAM = UUF7376KJL;
				GENERATE_INFOPLIST_FILE = YES;
				INFOPLIST_FILE = LockWidgetSampleWidget/Info.plist;
				INFOPLIST_KEY_CFBundleDisplayName = LockWidgetSampleWidget;
				INFOPLIST_KEY_NSHumanReadableCopyright = "";
				LD_RUNPATH_SEARCH_PATHS = (
					"$(inherited)",
					"@executable_path/Frameworks",
					"@executable_path/../../Frameworks",
				);
				MARKETING_VERSION = 1.0;
				PRODUCT_BUNDLE_IDENTIFIER = com.lcr.webappsample.LockWidgetSample.LockWidgetSampleWidget;
				PRODUCT_NAME = "$(TARGET_NAME)";
				SKIP_INSTALL = YES;
				SWIFT_EMIT_LOC_STRINGS = YES;
				SWIFT_VERSION = 5.0;
				TARGETED_DEVICE_FAMILY = "1,2";
			};
			name = Debug;
		};
		0F5281D82850766A00A26C20 /* Release */ = {
			isa = XCBuildConfiguration;
			buildSettings = {
				ASSETCATALOG_COMPILER_GLOBAL_ACCENT_COLOR_NAME = AccentColor;
				ASSETCATALOG_COMPILER_WIDGET_BACKGROUND_COLOR_NAME = WidgetBackground;
				CODE_SIGN_STYLE = Automatic;
				CURRENT_PROJECT_VERSION = 1;
				DEVELOPMENT_TEAM = UUF7376KJL;
				GENERATE_INFOPLIST_FILE = YES;
				INFOPLIST_FILE = LockWidgetSampleWidget/Info.plist;
				INFOPLIST_KEY_CFBundleDisplayName = LockWidgetSampleWidget;
				INFOPLIST_KEY_NSHumanReadableCopyright = "";
				LD_RUNPATH_SEARCH_PATHS = (
					"$(inherited)",
					"@executable_path/Frameworks",
					"@executable_path/../../Frameworks",
				);
				MARKETING_VERSION = 1.0;
				PRODUCT_BUNDLE_IDENTIFIER = com.lcr.webappsample.LockWidgetSample.LockWidgetSampleWidget;
				PRODUCT_NAME = "$(TARGET_NAME)";
				SKIP_INSTALL = YES;
				SWIFT_EMIT_LOC_STRINGS = YES;
				SWIFT_VERSION = 5.0;
				TARGETED_DEVICE_FAMILY = "1,2";
			};
			name = Release;
		};
/* End XCBuildConfiguration section */

/* Begin XCConfigurationList section */
		0F52818E2850736900A26C20 /* Build configuration list for PBXProject "LockWidgetSample" */ = {
			isa = XCConfigurationList;
			buildConfigurations = (
				0F5281B52850736A00A26C20 /* Debug */,
				0F5281B62850736A00A26C20 /* Release */,
			);
			defaultConfigurationIsVisible = 0;
			defaultConfigurationName = Release;
		};
		0F5281B72850736A00A26C20 /* Build configuration list for PBXNativeTarget "LockWidgetSample" */ = {
			isa = XCConfigurationList;
			buildConfigurations = (
				0F5281B82850736A00A26C20 /* Debug */,
				0F5281B92850736A00A26C20 /* Release */,
			);
			defaultConfigurationIsVisible = 0;
			defaultConfigurationName = Release;
		};
		0F5281BA2850736A00A26C20 /* Build configuration list for PBXNativeTarget "LockWidgetSampleTests" */ = {
			isa = XCConfigurationList;
			buildConfigurations = (
				0F5281BB2850736A00A26C20 /* Debug */,
				0F5281BC2850736A00A26C20 /* Release */,
			);
			defaultConfigurationIsVisible = 0;
			defaultConfigurationName = Release;
		};
		0F5281BD2850736A00A26C20 /* Build configuration list for PBXNativeTarget "LockWidgetSampleUITests" */ = {
			isa = XCConfigurationList;
			buildConfigurations = (
				0F5281BE2850736A00A26C20 /* Debug */,
				0F5281BF2850736A00A26C20 /* Release */,
			);
			defaultConfigurationIsVisible = 0;
			defaultConfigurationName = Release;
		};
		0F5281D62850766A00A26C20 /* Build configuration list for PBXNativeTarget "LockWidgetSampleWidgetExtension" */ = {
			isa = XCConfigurationList;
			buildConfigurations = (
				0F5281D72850766A00A26C20 /* Debug */,
				0F5281D82850766A00A26C20 /* Release */,
			);
			defaultConfigurationIsVisible = 0;
			defaultConfigurationName = Release;
		};
/* End XCConfigurationList section */
	};
	rootObject = 0F52818B2850736900A26C20 /* Project object */;
}
